{
  "name": "golive-js",
  "version": "0.0.1",
  "lockfileVersion": 3,
  "requires": true,
  "packages": {
    "": {
      "name": "golive-js",
      "version": "0.0.1",
      "license": "MIT",
      "dependencies": {
        "nprogress": "^0.2.0",
        "phoenix": "^1.7.2",
        "phoenix_live_view": "^0.18.18"
      },
      "devDependencies": {
        "@types/phoenix": "^1.5.6",
        "@types/phoenix_live_view": "^0.18.0"
      }
    },
    "node_modules/@types/phoenix": {
      "version": "1.5.6",
      "resolved": "https://registry.npmjs.org/@types/phoenix/-/phoenix-1.5.6.tgz",
      "integrity": "sha512-e7jZ6I9uyRGsg7MNwQcarmBvRlbGb9DibbocE9crVnxqsy6C23RMxLWbJ2CQ3vgCW7taoL1L+F02EcjA6ld7XA==",
      "dev": true
    },
    "node_modules/@types/phoenix_live_view": {
      "version": "0.18.0",
      "resolved": "https://registry.npmjs.org/@types/phoenix_live_view/-/phoenix_live_view-0.18.0.tgz",
      "integrity": "sha512-7Xa2SK4GEXXhxhj2CL9DAO7eQ1nAukLgFLjQGcd5WZih6fWdLvAHGwiJ2McJXIWQnZO2ZWn59UZneRxTyoUAIg==",
      "dev": true,
      "dependencies": {
        "@types/phoenix": "*"
      }
    },
    "node_modules/nprogress": {
      "version": "0.2.0",
      "resolved": "https://registry.npmjs.org/nprogress/-/nprogress-0.2.0.tgz",
      "integrity": "sha512-I19aIingLgR1fmhftnbWWO3dXc0hSxqHQHQb3H8m+K3TnEn/iSeTZZOyvKXWqQESMwuUVnatlCnZdLBZZt2VSA=="
    },
    "node_modules/phoenix": {
      "version": "1.7.2",
      "resolved": "https://registry.npmjs.org/phoenix/-/phoenix-1.7.2.tgz",
      "integrity": "sha512-jwWDOsUNEQZkLNSwzfLJ6AMFUkyZ+ILU+NkBBtoAK020QPpV/dYEQHGMQoFScj89MFjJlLdkE1W97i8S+4FdGg=="
    },
    "node_modules/phoenix_live_view": {
      "version": "0.18.18",
      "resolved": "https://registry.npmjs.org/phoenix_live_view/-/phoenix_live_view-0.18.18.tgz",
      "integrity": "sha512-KVWZPH4XRCWofBbxNv4jSQ5clxBV1Mo9pkw5CmcMZDYLzdsk47am9+FiiEj7fapgYKnPNtPNIHZNKj2/yzgzZw=="
    }
  }
}
